{
  "requires": true,
  "lockfileVersion": 1,
  "dependencies": {
    "@vuepress/plugin-google-analytics": {
      "version": "1.2.0",
      "resolved": "https://registry.npmjs.org/@vuepress/plugin-google-analytics/-/plugin-google-analytics-1.2.0.tgz",
      "integrity": "sha512-0zol5D4Efb5GKel7ADO/s65MLtKSLnOEGkeWzuipkWomSQPzP7TJ3+/RcYBnGdyBFHd1BSpTUHGK0b/IGwM3UA==",
      "dev": true
    },
    "lodash.defaultsdeep": {
      "version": "4.6.1",
      "resolved": "https://registry.npmjs.org/lodash.defaultsdeep/-/lodash.defaultsdeep-4.6.1.tgz",
      "integrity": "sha512-3j8wdDzYuWO3lM3Reg03MuQR957t287Rpcxp1njpEa8oDrikb+FwGdW3n+FELh/A6qib6yPit0j/pv9G/yeAqA==",
      "dev": true
    },
    "lodash.findindex": {
      "version": "4.6.0",
      "resolved": "https://registry.npmjs.org/lodash.findindex/-/lodash.findindex-4.6.0.tgz",
      "integrity": "sha1-oyRd7mH7m24GJLU1ElYku2nBEQY=",
      "dev": true
    },
    "lodash.isempty": {
      "version": "4.4.0",
      "resolved": "https://registry.npmjs.org/lodash.isempty/-/lodash.isempty-4.4.0.tgz",
      "integrity": "sha1-b4bL7di+TsmHvpqvM8loTbGzHn4=",
      "dev": true
    },
    "lodash.trimend": {
      "version": "4.5.1",
      "resolved": "https://registry.npmjs.org/lodash.trimend/-/lodash.trimend-4.5.1.tgz",
      "integrity": "sha1-EoBENyhrmMrYmWt5QU4RMAEUCC8=",
      "dev": true
    },
    "lodash.trimstart": {
      "version": "4.5.1",
      "resolved": "https://registry.npmjs.org/lodash.trimstart/-/lodash.trimstart-4.5.1.tgz",
      "integrity": "sha1-j/TexTLYJIavWVc8OURZFOlEp/E=",
      "dev": true
    },
    "remove-markdown": {
      "version": "0.3.0",
      "resolved": "https://registry.npmjs.org/remove-markdown/-/remove-markdown-0.3.0.tgz",
      "integrity": "sha1-XktmdJOpNXlyjz1S7MHbnKUF3Jg=",
      "dev": true
    },
    "striptags": {
      "version": "3.1.1",
      "resolved": "https://registry.npmjs.org/striptags/-/striptags-3.1.1.tgz",
      "integrity": "sha1-yMPn/db7S7OjKjt1LltePjgJPr0=",
      "dev": true
    },
    "vuepress-plugin-autometa": {
      "version": "0.1.13",
      "resolved": "https://registry.npmjs.org/vuepress-plugin-autometa/-/vuepress-plugin-autometa-0.1.13.tgz",
      "integrity": "sha512-yhd8smLhbCO0+gc3FRNjOyffdGl12gUkv60UqdtEUCojEy4s7APDJ2pt85cSLASMdnWaY7EcMibMRkqeUOVAKg==",
      "dev": true,
      "requires": {
        "lodash.defaultsdeep": "4.6.1",
        "lodash.findindex": "4.6.0",
        "lodash.isempty": "4.4.0",
        "lodash.trimend": "^4.5.1",
        "lodash.trimstart": "^4.5.1",
        "remove-markdown": "0.3.0",
        "striptags": "3.1.1"
      }
    }
  }
}
