# This file is generated by running "yarn install" inside your project.
# Manual changes might be lost - proceed with caution!

__metadata:
  version: 4

"@vuepress/plugin-google-analytics@npm:^1.2.0":
  version: 1.2.0
  resolution: "@vuepress/plugin-google-analytics@npm:1.2.0"
  checksum: f893d9622308e0dacf9d0a916c1fcf643511af012d9e17afc2bf7f536b9c2234d35d1a7db3091104efd2e1448984bc529b7214ae40d567cb9c6d132ca29446bf
  languageName: node
  linkType: hard

"lodash.defaultsdeep@npm:4.6.1":
  version: 4.6.1
  resolution: "lodash.defaultsdeep@npm:4.6.1"
  checksum: ddd42707705d8e21a14386d2cb1beec7abc8e2f2713622a96919469bc45ac9a2aabf306a8fefb77ca302d380814d0f4f26a020f1ce8a3b85af336093ee421db5
  languageName: node
  linkType: hard

"lodash.findindex@npm:4.6.0":
  version: 4.6.0
  resolution: "lodash.findindex@npm:4.6.0"
  checksum: f9b9359e8165be406c1890bef66851843e2b773c9265aaf35be38dee40cfc94e7f5f23cd0bd805faee9fa5f8d809ff109ea23d948d4665217f0c89b8515e32ef
  languageName: node
  linkType: hard

"lodash.isempty@npm:4.4.0":
  version: 4.4.0
  resolution: "lodash.isempty@npm:4.4.0"
  checksum: 68d08f7236ec2b5c7044d25edbcd429801d587e73a006a848969d17e1773e5a403ae47c91d8e1df8827ffa844bb6e6bf1be664fd9dd992e6e293d04f19f33b12
  languageName: node
  linkType: hard

"lodash.trimend@npm:^4.5.1":
  version: 4.5.1
  resolution: "lodash.trimend@npm:4.5.1"
  checksum: 6b5e17ddcb7fd178722e8f1e6e61289e87baec4fa8799e02a1215f80644ab18e7e543689e546c5b3c32703dc2ba7e5c1f5f69c998db1efe71ad009878b3756b9
  languageName: node
  linkType: hard

"lodash.trimstart@npm:^4.5.1":
  version: 4.5.1
  resolution: "lodash.trimstart@npm:4.5.1"
  checksum: 59a70e0076230c956725f5b3e6a4d438c5b135e4efc5d083adb6b9854b1bf133735601816a660b20ad07dc547f2287ec2a27676ca10f66e5a83837af08ffe1aa
  languageName: node
  linkType: hard

"remove-markdown@npm:0.3.0":
  version: 0.3.0
  resolution: "remove-markdown@npm:0.3.0"
  checksum: 014a8911d2e9e11d4c665dfd770f9690acfa1fc768f31fc1d8dc98780c22acdaa9c766106845af51bcc6bd228715369d88919dd119b10bb5fc7151991ecb0937
  languageName: node
  linkType: hard

"root-workspace-0b6124@workspace:.":
  version: 0.0.0-use.local
  resolution: "root-workspace-0b6124@workspace:."
  dependencies:
    "@vuepress/plugin-google-analytics": ^1.2.0
    vuepress-plugin-autometa: ^0.1.13
  languageName: unknown
  linkType: soft

"striptags@npm:3.1.1":
  version: 3.1.1
  resolution: "striptags@npm:3.1.1"
  checksum: bdde35c24dc820d7f72d5da27934a5598be26bf23adff7d25845327053745ea5005da36453142f523d4dab5daf0e350a325ac7339ed2cae778bbe9c07dc1d94e
  languageName: node
  linkType: hard

"vuepress-plugin-autometa@npm:^0.1.13":
  version: 0.1.13
  resolution: "vuepress-plugin-autometa@npm:0.1.13"
  dependencies:
    lodash.defaultsdeep: 4.6.1
    lodash.findindex: 4.6.0
    lodash.isempty: 4.4.0
    lodash.trimend: ^4.5.1
    lodash.trimstart: ^4.5.1
    remove-markdown: 0.3.0
    striptags: 3.1.1
  checksum: 2924c99f6b8a85da3ee67a33a832565134990cec00f5b5aa3e4957574c7dae0ff31c488711afcd321872d1dc15a33ba9f272dc387b78dd6ce0fdf3cc57c25a75
  languageName: node
  linkType: hard
